
Microsoft Visual Studio Solution File, Format Version 12.00
# Visual Studio 15
VisualStudioVersion = 15.0.27428.2015
MinimumVisualStudioVersion = 10.0.40219.1
Project("{2150E333-8FDC-42A3-9474-1A3956D46DE8}") = "Solution Items", "Solution Items", "{81917E6A-F7C9-4EB4-A3E4-188AA49876A6}"
	ProjectSection(SolutionItems) = preProject
		LICENSE = LICENSE
		readme.md = readme.md
	EndProjectSection
EndProject
Project("{2150E333-8FDC-42A3-9474-1A3956D46DE8}") = "doc", "doc", "{008FBE37-F881-4D29-A5B8-395EC15A5D5F}"
EndProject
Project("{2150E333-8FDC-42A3-9474-1A3956D46DE8}") = "img", "img", "{E0AA9B36-1AF7-4DF0-89B0-EC032E189800}"
	ProjectSection(SolutionItems) = preProject
		doc\img\alice.svg = doc\img\alice.svg
		doc\img\bob.svg = doc\img\bob.svg
		doc\img\eline.svg = doc\img\eline.svg
		doc\img\ethereum.svg = doc\img\ethereum.svg
		doc\img\hack-to-the-future.png = doc\img\hack-to-the-future.png
		doc\img\hugo.svg = doc\img\hugo.svg
		doc\img\jahir.svg = doc\img\jahir.svg
		doc\img\logo-wigo4it.png = doc\img\logo-wigo4it.png
		doc\img\richard.svg = doc\img\richard.svg
		doc\img\sabella.svg = doc\img\sabella.svg
		doc\img\wallet.svg = doc\img\wallet.svg
	EndProjectSection
EndProject
Project("{2150E333-8FDC-42A3-9474-1A3956D46DE8}") = "src", "src", "{EA146503-3052-4C30-B4D7-A58B3625A1DD}"
EndProject
Project("{2150E333-8FDC-42A3-9474-1A3956D46DE8}") = "Wigo4It.Blockchain.Core", "Wigo4It.Blockchain.Core", "{DAF0F7E6-4724-401A-8805-EF869978DD2D}"
EndProject
Project("{FAE04EC0-301F-11D3-BF4B-00C04F79EFBC}") = "Wigo4It.Blockchain.Core", "src\Wigo4It.Blockchain.Core\Wigo4It.Blockchain.Core\Wigo4It.Blockchain.Core.csproj", "{85BB0058-7295-4624-9571-591CF723B54C}"
EndProject
Project("{FAE04EC0-301F-11D3-BF4B-00C04F79EFBC}") = "Wigo4It.Blockchain.Core.Tests", "src\Wigo4It.Blockchain.Core\Wigo4It.Blockchain.Core.Tests\Wigo4It.Blockchain.Core.Tests.csproj", "{CDBB8C50-E063-4C31-896F-9A114F1D1D1F}"
EndProject
Project("{2150E333-8FDC-42A3-9474-1A3956D46DE8}") = "tutorials", "tutorials", "{9C2A2C57-1651-4E26-BC5D-9B6681D3F1E2}"
	ProjectSection(SolutionItems) = preProject
		doc\tutorials\claims-on-the-blockchain.md = doc\tutorials\claims-on-the-blockchain.md
		doc\tutorials\first-contract.md = doc\tutorials\first-contract.md
	EndProjectSection
EndProject
Project("{2150E333-8FDC-42A3-9474-1A3956D46DE8}") = "img", "img", "{70524B2C-16D6-4318-88DA-6404CD027A01}"
	ProjectSection(SolutionItems) = preProject
		doc\tutorials\img\2.PNG = doc\tutorials\img\2.PNG
		doc\tutorials\img\chrome-extension-etherwallet.PNG = doc\tutorials\img\chrome-extension-etherwallet.PNG
		doc\tutorials\img\ganache-accounts.png = doc\tutorials\img\ganache-accounts.png
		doc\tutorials\img\ganache-contract-transaction.png = doc\tutorials\img\ganache-contract-transaction.png
		doc\tutorials\img\ganache-contract-transaction2.png = doc\tutorials\img\ganache-contract-transaction2.png
		doc\tutorials\img\ganache-contract-transaction3.png = doc\tutorials\img\ganache-contract-transaction3.png
		doc\tutorials\img\ganache-keys.png = doc\tutorials\img\ganache-keys.png
		doc\tutorials\img\ganache-rpc-server.png = doc\tutorials\img\ganache-rpc-server.png
		doc\tutorials\img\ganache-tx-deploy.png = doc\tutorials\img\ganache-tx-deploy.png
		doc\tutorials\img\myetherwallet-add-wallet-name-password.png = doc\tutorials\img\myetherwallet-add-wallet-name-password.png
		doc\tutorials\img\myetherwallet-add-wallet-private-key.png = doc\tutorials\img\myetherwallet-add-wallet-private-key.png
		doc\tutorials\img\myetherwallet-bob-wallet-after-deploy.png = doc\tutorials\img\myetherwallet-bob-wallet-after-deploy.png
		doc\tutorials\img\myetherwallet-custom-node-settings.png = doc\tutorials\img\myetherwallet-custom-node-settings.png
		doc\tutorials\img\myetherwallet-custom-node.png = doc\tutorials\img\myetherwallet-custom-node.png
		doc\tutorials\img\myetherwallet-deploy-contract.png = doc\tutorials\img\myetherwallet-deploy-contract.png
		doc\tutorials\img\myetherwallet-interact-contract-read.png = doc\tutorials\img\myetherwallet-interact-contract-read.png
		doc\tutorials\img\myetherwallet-interact-contract-write.png = doc\tutorials\img\myetherwallet-interact-contract-write.png
		doc\tutorials\img\myetherwallet-interact-contract.png = doc\tutorials\img\myetherwallet-interact-contract.png
		doc\tutorials\img\myetherwallet-sign-contract.png = doc\tutorials\img\myetherwallet-sign-contract.png
		doc\tutorials\img\remix-copy-abi.PNG = doc\tutorials\img\remix-copy-abi.PNG
		doc\tutorials\img\remix-copy-bytecode.PNG = doc\tutorials\img\remix-copy-bytecode.PNG
	EndProjectSection
EndProject
Global
	GlobalSection(SolutionConfigurationPlatforms) = preSolution
		Debug|Any CPU = Debug|Any CPU
		Release|Any CPU = Release|Any CPU
	EndGlobalSection
	GlobalSection(ProjectConfigurationPlatforms) = postSolution
		{85BB0058-7295-4624-9571-591CF723B54C}.Debug|Any CPU.ActiveCfg = Debug|Any CPU
		{85BB0058-7295-4624-9571-591CF723B54C}.Debug|Any CPU.Build.0 = Debug|Any CPU
		{85BB0058-7295-4624-9571-591CF723B54C}.Release|Any CPU.ActiveCfg = Release|Any CPU
		{85BB0058-7295-4624-9571-591CF723B54C}.Release|Any CPU.Build.0 = Release|Any CPU
		{CDBB8C50-E063-4C31-896F-9A114F1D1D1F}.Debug|Any CPU.ActiveCfg = Debug|Any CPU
		{CDBB8C50-E063-4C31-896F-9A114F1D1D1F}.Debug|Any CPU.Build.0 = Debug|Any CPU
		{CDBB8C50-E063-4C31-896F-9A114F1D1D1F}.Release|Any CPU.ActiveCfg = Release|Any CPU
		{CDBB8C50-E063-4C31-896F-9A114F1D1D1F}.Release|Any CPU.Build.0 = Release|Any CPU
	EndGlobalSection
	GlobalSection(SolutionProperties) = preSolution
		HideSolutionNode = FALSE
	EndGlobalSection
	GlobalSection(NestedProjects) = preSolution
		{E0AA9B36-1AF7-4DF0-89B0-EC032E189800} = {008FBE37-F881-4D29-A5B8-395EC15A5D5F}
		{DAF0F7E6-4724-401A-8805-EF869978DD2D} = {EA146503-3052-4C30-B4D7-A58B3625A1DD}
		{85BB0058-7295-4624-9571-591CF723B54C} = {DAF0F7E6-4724-401A-8805-EF869978DD2D}
		{CDBB8C50-E063-4C31-896F-9A114F1D1D1F} = {DAF0F7E6-4724-401A-8805-EF869978DD2D}
		{9C2A2C57-1651-4E26-BC5D-9B6681D3F1E2} = {008FBE37-F881-4D29-A5B8-395EC15A5D5F}
		{70524B2C-16D6-4318-88DA-6404CD027A01} = {9C2A2C57-1651-4E26-BC5D-9B6681D3F1E2}
	EndGlobalSection
	GlobalSection(ExtensibilityGlobals) = postSolution
		SolutionGuid = {C8B06579-8106-4B12-8C27-4BD60B774D1C}
	EndGlobalSection
EndGlobal
